
Microsoft Visual Studio Solution File, Format Version 12.00
# Visual Studio Version 16
VisualStudioVersion = 16.0.30002.166
MinimumVisualStudioVersion = 10.0.40219.1
Project("{FAE04EC0-301F-11D3-BF4B-00C04F79EFBC}") = "Disco", "Disco\Disco.csproj", "{BA7EC7C3-0B19-4DC0-9FA1-E6327AA00FA9}"
EndProject
Global
	GlobalSection(SolutionConfigurationPlatforms) = preSolution
		Debug|Any CPU = Debug|Any CPU
		Release|Any CPU = Release|Any CPU
	EndGlobalSection
	GlobalSection(ProjectConfigurationPlatforms) = postSolution
		{BA7EC7C3-0B19-4DC0-9FA1-E6327AA00FA9}.Debug|Any CPU.ActiveCfg = Debug|Any CPU
		{BA7EC7C3-0B19-4DC0-9FA1-E6327AA00FA9}.Debug|Any CPU.Build.0 = Debug|Any CPU
		{BA7EC7C3-0B19-4DC0-9FA1-E6327AA00FA9}.Release|Any CPU.ActiveCfg = Release|Any CPU
		{BA7EC7C3-0B19-4DC0-9FA1-E6327AA00FA9}.Release|Any CPU.Build.0 = Release|Any CPU
	EndGlobalSection
	GlobalSection(SolutionProperties) = preSolution
		HideSolutionNode = FALSE
	EndGlobalSection
	GlobalSection(ExtensibilityGlobals) = postSolution
		SolutionGuid = {816F2570-992E-43BC-B670-19070C6057C9}
	EndGlobalSection
EndGlobal
